
Microsoft Visual Studio Solution File, Format Version 12.00
# Visual Studio Version 16
VisualStudioVersion = 16.0.30225.117
MinimumVisualStudioVersion = 10.0.40219.1
Project("{FAE04EC0-301F-11D3-BF4B-00C04F79EFBC}") = "MART_Virtus", "MART_Virtus\MART_Virtus.csproj", "{B1880308-6AF7-49FC-A576-8BD73776D1B6}"
EndProject
Global
	GlobalSection(SolutionConfigurationPlatforms) = preSolution
		Debug|Any CPU = Debug|Any CPU
		Release|Any CPU = Release|Any CPU
	EndGlobalSection
	GlobalSection(ProjectConfigurationPlatforms) = postSolution
		{B1880308-6AF7-49FC-A576-8BD73776D1B6}.Debug|Any CPU.ActiveCfg = Debug|Any CPU
		{B1880308-6AF7-49FC-A576-8BD73776D1B6}.Debug|Any CPU.Build.0 = Debug|Any CPU
		{B1880308-6AF7-49FC-A576-8BD73776D1B6}.Release|Any CPU.ActiveCfg = Release|Any CPU
		{B1880308-6AF7-49FC-A576-8BD73776D1B6}.Release|Any CPU.Build.0 = Release|Any CPU
	EndGlobalSection
	GlobalSection(SolutionProperties) = preSolution
		HideSolutionNode = FALSE
	EndGlobalSection
	GlobalSection(ExtensibilityGlobals) = postSolution
		SolutionGuid = {D5FFD4DE-67AA-4062-9463-084CC401A1F2}
	EndGlobalSection
EndGlobal
